{
  "pins" : [
    {
      "identity" : "anycodable",
      "kind" : "remoteSourceControl",
      "location" : "https://github.com/Flight-School/AnyCodable",
      "state" : {
        "revision" : "862808b2070cd908cb04f9aafe7de83d35f81b05",
        "version" : "0.6.7"
      }
    },
    {
      "identity" : "bigint",
      "kind" : "remoteSourceControl",
      "location" : "https://github.com/attaswift/BigInt.git",
      "state" : {
        "revision" : "0ed110f7555c34ff468e72e1686e59721f2b0da6",
        "version" : "5.3.0"
      }
    },
    {
      "identity" : "bip39%2eswift",
      "kind" : "remoteSourceControl",
      "location" : "https://github.com/tesseract-one/Bip39%2eswift.git",
      "state" : {
        "revision" : "bb2b82539d685e1457493b695cdc8e4dcff97c92",
        "version" : "0.2.0"
      }
    },
    {
      "identity" : "blake2%2eswift",
      "kind" : "remoteSourceControl",
      "location" : "https://github.com/tesseract-one/Blake2%2eswift.git",
      "state" : {
        "revision" : "29c55c8fe42d6661e5a32cc5bbbad1fff64fd01e",
        "version" : "0.2.0"
      }
    },
    {
      "identity" : "cryptoswift",
      "kind" : "remoteSourceControl",
      "location" : "https://github.com/krzyzanowskim/CryptoSwift.git",
      "state" : {
        "revision" : "95c18f1c1bc44d5547728621ed680850368f7a45",
        "version" : "1.7.0"
      }
    },
    {
      "identity" : "ed25519swift",
      "kind" : "remoteSourceControl",
      "location" : "https://github.com/pebble8888/ed25519swift.git",
      "state" : {
        "revision" : "1e821f5516049f5b83aca8cb3b982910cf8c028c",
        "version" : "1.2.8"
      }
    },
    {
      "identity" : "jwtdecode.swift",
      "kind" : "remoteSourceControl",
      "location" : "https://github.com/auth0/JWTDecode.swift",
      "state" : {
        "revision" : "58af7278797871e460d79496621b3e5366b865b2",
        "version" : "3.1.0"
      }
    },
    {
      "identity" : "swift-docc-plugin",
      "kind" : "remoteSourceControl",
      "location" : "https://github.com/apple/swift-docc-plugin.git",
      "state" : {
        "revision" : "26ac5758409154cc448d7ab82389c520fa8a8247",
        "version" : "1.3.0"
      }
    },
    {
      "identity" : "swift-docc-symbolkit",
      "kind" : "remoteSourceControl",
      "location" : "https://github.com/apple/swift-docc-symbolkit",
      "state" : {
        "revision" : "b45d1f2ed151d057b54504d653e0da5552844e34",
        "version" : "1.0.0"
      }
    },
    {
      "identity" : "swiftyjson",
      "kind" : "remoteSourceControl",
      "location" : "https://github.com/SwiftyJSON/SwiftyJSON.git",
      "state" : {
        "revision" : "2b6054efa051565954e1d2b9da831680026cd768",
        "version" : "4.3.0"
      }
    },
    {
      "identity" : "uint256",
      "kind" : "remoteSourceControl",
      "location" : "https://github.com/hyugit/UInt256.git",
      "state" : {
        "revision" : "1a499a1bf08afd10b9fcd0fd6d90b6dd9196be50",
        "version" : "0.2.2"
      }
    },
    {
      "identity" : "uncommoncrypto.swift",
      "kind" : "remoteSourceControl",
      "location" : "https://github.com/tesseract-one/UncommonCrypto.swift.git",
      "state" : {
        "revision" : "075344faec47dadba98bef6a319e310c98be0820",
        "version" : "0.2.1"
      }
    }
  ],
  "version" : 2
}
