{
  "pins" : [
    {
      "identity" : "tweetnacl-swiftwrap",
      "kind" : "remoteSourceControl",
      "location" : "https://github.com/bitmark-inc/tweetnacl-swiftwrap.git",
      "state" : {
        "revision" : "f8fd111642bf2336b11ef9ea828510693106e954",
        "version" : "1.1.0"
      }
    },
    {
      "identity" : "uint256",
      "kind" : "remoteSourceControl",
      "location" : "https://github.com/hyugit/UInt256.git",
      "state" : {
        "revision" : "1a499a1bf08afd10b9fcd0fd6d90b6dd9196be50",
        "version" : "0.2.2"
      }
    }
  ],
  "version" : 2
}
