// !$*UTF8*$!
{
	archiveVersion = 1;
	classes = {
	};
	objectVersion = 56;
	objects = {

/* Begin PBXBuildFile section */
		7DC0CF1A2A547FE800A7292B /* TwoByTwoExampleApp.swift in Sources */ = {isa = PBXBuildFile; fileRef = 7DC0CF192A547FE800A7292B /* TwoByTwoExampleApp.swift */; };
		7DC0CF1C2A547FE800A7292B /* ContentView.swift in Sources */ = {isa = PBXBuildFile; fileRef = 7DC0CF1B2A547FE800A7292B /* ContentView.swift */; };
		7DC0CF1E2A547FEA00A7292B /* Assets.xcassets in Resources */ = {isa = PBXBuildFile; fileRef = 7DC0CF1D2A547FEA00A7292B /* Assets.xcassets */; };
		7DC0CF212A547FEA00A7292B /* Preview Assets.xcassets in Resources */ = {isa = PBXBuildFile; fileRef = 7DC0CF202A547FEA00A7292B /* Preview Assets.xcassets */; };
		7DC0CF2B2A54803600A7292B /* two_by_two_transfer.mv in Resources */ = {isa = PBXBuildFile; fileRef = 7DC0CF2A2A54803600A7292B /* two_by_two_transfer.mv */; };
		7DC0CF2F2A5480DB00A7292B /* AptosKit in Frameworks */ = {isa = PBXBuildFile; productRef = 7DC0CF2E2A5480DB00A7292B /* AptosKit */; };
/* End PBXBuildFile section */

/* Begin PBXFileReference section */
		7DC0CF162A547FE800A7292B /* TwoByTwoExample.app */ = {isa = PBXFileReference; explicitFileType = wrapper.application; includeInIndex = 0; path = TwoByTwoExample.app; sourceTree = BUILT_PRODUCTS_DIR; };
		7DC0CF192A547FE800A7292B /* TwoByTwoExampleApp.swift */ = {isa = PBXFileReference; lastKnownFileType = sourcecode.swift; path = TwoByTwoExampleApp.swift; sourceTree = "<group>"; };
		7DC0CF1B2A547FE800A7292B /* ContentView.swift */ = {isa = PBXFileReference; lastKnownFileType = sourcecode.swift; path = ContentView.swift; sourceTree = "<group>"; };
		7DC0CF1D2A547FEA00A7292B /* Assets.xcassets */ = {isa = PBXFileReference; lastKnownFileType = folder.assetcatalog; path = Assets.xcassets; sourceTree = "<group>"; };
		7DC0CF202A547FEA00A7292B /* Preview Assets.xcassets */ = {isa = PBXFileReference; lastKnownFileType = folder.assetcatalog; path = "Preview Assets.xcassets"; sourceTree = "<group>"; };
		7DC0CF222A547FEA00A7292B /* TwoByTwoExample.entitlements */ = {isa = PBXFileReference; lastKnownFileType = text.plist.entitlements; path = TwoByTwoExample.entitlements; sourceTree = "<group>"; };
		7DC0CF282A54801E00A7292B /* two_by_two_transfer.mv */ = {isa = PBXFileReference; lastKnownFileType = file; path = two_by_two_transfer.mv; sourceTree = "<group>"; };
		7DC0CF2A2A54803600A7292B /* two_by_two_transfer.mv */ = {isa = PBXFileReference; lastKnownFileType = file; path = two_by_two_transfer.mv; sourceTree = "<group>"; };
		7DC0CF2D2A5480A400A7292B /* AptosKit */ = {isa = PBXFileReference; lastKnownFileType = wrapper; name = AptosKit; path = ../..; sourceTree = "<group>"; };
/* End PBXFileReference section */

/* Begin PBXFrameworksBuildPhase section */
		7DC0CF132A547FE800A7292B /* Frameworks */ = {
			isa = PBXFrameworksBuildPhase;
			buildActionMask = 2147483647;
			files = (
				7DC0CF2F2A5480DB00A7292B /* AptosKit in Frameworks */,
			);
			runOnlyForDeploymentPostprocessing = 0;
		};
/* End PBXFrameworksBuildPhase section */

/* Begin PBXGroup section */
		7DC0CF0D2A547FE800A7292B = {
			isa = PBXGroup;
			children = (
				7DC0CF182A547FE800A7292B /* TwoByTwoExample */,
				7DC0CF172A547FE800A7292B /* Products */,
				7DC0CF2C2A5480A300A7292B /* Frameworks */,
			);
			sourceTree = "<group>";
		};
		7DC0CF172A547FE800A7292B /* Products */ = {
			isa = PBXGroup;
			children = (
				7DC0CF162A547FE800A7292B /* TwoByTwoExample.app */,
			);
			name = Products;
			sourceTree = "<group>";
		};
		7DC0CF182A547FE800A7292B /* TwoByTwoExample */ = {
			isa = PBXGroup;
			children = (
				7DC0CF2A2A54803600A7292B /* two_by_two_transfer.mv */,
				7DC0CF192A547FE800A7292B /* TwoByTwoExampleApp.swift */,
				7DC0CF1B2A547FE800A7292B /* ContentView.swift */,
				7DC0CF1D2A547FEA00A7292B /* Assets.xcassets */,
				7DC0CF222A547FEA00A7292B /* TwoByTwoExample.entitlements */,
				7DC0CF1F2A547FEA00A7292B /* Preview Content */,
			);
			path = TwoByTwoExample;
			sourceTree = "<group>";
		};
		7DC0CF1F2A547FEA00A7292B /* Preview Content */ = {
			isa = PBXGroup;
			children = (
				7DC0CF282A54801E00A7292B /* two_by_two_transfer.mv */,
				7DC0CF202A547FEA00A7292B /* Preview Assets.xcassets */,
			);
			path = "Preview Content";
			sourceTree = "<group>";
		};
		7DC0CF2C2A5480A300A7292B /* Frameworks */ = {
			isa = PBXGroup;
			children = (
				7DC0CF2D2A5480A400A7292B /* AptosKit */,
			);
			name = Frameworks;
			sourceTree = "<group>";
		};
/* End PBXGroup section */

/* Begin PBXNativeTarget section */
		7DC0CF152A547FE800A7292B /* TwoByTwoExample */ = {
			isa = PBXNativeTarget;
			buildConfigurationList = 7DC0CF252A547FEA00A7292B /* Build configuration list for PBXNativeTarget "TwoByTwoExample" */;
			buildPhases = (
				7DC0CF122A547FE800A7292B /* Sources */,
				7DC0CF132A547FE800A7292B /* Frameworks */,
				7DC0CF142A547FE800A7292B /* Resources */,
			);
			buildRules = (
			);
			dependencies = (
			);
			name = TwoByTwoExample;
			packageProductDependencies = (
				7DC0CF2E2A5480DB00A7292B /* AptosKit */,
			);
			productName = TwoByTwoExample;
			productReference = 7DC0CF162A547FE800A7292B /* TwoByTwoExample.app */;
			productType = "com.apple.product-type.application";
		};
/* End PBXNativeTarget section */

/* Begin PBXProject section */
		7DC0CF0E2A547FE800A7292B /* Project object */ = {
			isa = PBXProject;
			attributes = {
				BuildIndependentTargetsInParallel = 1;
				LastSwiftUpdateCheck = 1500;
				LastUpgradeCheck = 1500;
				TargetAttributes = {
					7DC0CF152A547FE800A7292B = {
						CreatedOnToolsVersion = 15.0;
					};
				};
			};
			buildConfigurationList = 7DC0CF112A547FE800A7292B /* Build configuration list for PBXProject "TwoByTwoExample" */;
			compatibilityVersion = "Xcode 14.0";
			developmentRegion = en;
			hasScannedForEncodings = 0;
			knownRegions = (
				en,
				Base,
			);
			mainGroup = 7DC0CF0D2A547FE800A7292B;
			productRefGroup = 7DC0CF172A547FE800A7292B /* Products */;
			projectDirPath = "";
			projectRoot = "";
			targets = (
				7DC0CF152A547FE800A7292B /* TwoByTwoExample */,
			);
		};
/* End PBXProject section */

/* Begin PBXResourcesBuildPhase section */
		7DC0CF142A547FE800A7292B /* Resources */ = {
			isa = PBXResourcesBuildPhase;
			buildActionMask = 2147483647;
			files = (
				7DC0CF2B2A54803600A7292B /* two_by_two_transfer.mv in Resources */,
				7DC0CF212A547FEA00A7292B /* Preview Assets.xcassets in Resources */,
				7DC0CF1E2A547FEA00A7292B /* Assets.xcassets in Resources */,
			);
			runOnlyForDeploymentPostprocessing = 0;
		};
/* End PBXResourcesBuildPhase section */

/* Begin PBXSourcesBuildPhase section */
		7DC0CF122A547FE800A7292B /* Sources */ = {
			isa = PBXSourcesBuildPhase;
			buildActionMask = 2147483647;
			files = (
				7DC0CF1C2A547FE800A7292B /* ContentView.swift in Sources */,
				7DC0CF1A2A547FE800A7292B /* TwoByTwoExampleApp.swift in Sources */,
			);
			runOnlyForDeploymentPostprocessing = 0;
		};
/* End PBXSourcesBuildPhase section */

/* Begin XCBuildConfiguration section */
		7DC0CF232A547FEA00A7292B /* Debug */ = {
			isa = XCBuildConfiguration;
			buildSettings = {
				ALWAYS_SEARCH_USER_PATHS = NO;
				ASSETCATALOG_COMPILER_GENERATE_SWIFT_ASSET_SYMBOL_EXTENSIONS = YES;
				CLANG_ANALYZER_NONNULL = YES;
				CLANG_ANALYZER_NUMBER_OBJECT_CONVERSION = YES_AGGRESSIVE;
				CLANG_CXX_LANGUAGE_STANDARD = "gnu++20";
				CLANG_ENABLE_MODULES = YES;
				CLANG_ENABLE_OBJC_ARC = YES;
				CLANG_ENABLE_OBJC_WEAK = YES;
				CLANG_WARN_BLOCK_CAPTURE_AUTORELEASING = YES;
				CLANG_WARN_BOOL_CONVERSION = YES;
				CLANG_WARN_COMMA = YES;
				CLANG_WARN_CONSTANT_CONVERSION = YES;
				CLANG_WARN_DEPRECATED_OBJC_IMPLEMENTATIONS = YES;
				CLANG_WARN_DIRECT_OBJC_ISA_USAGE = YES_ERROR;
				CLANG_WARN_DOCUMENTATION_COMMENTS = YES;
				CLANG_WARN_EMPTY_BODY = YES;
				CLANG_WARN_ENUM_CONVERSION = YES;
				CLANG_WARN_INFINITE_RECURSION = YES;
				CLANG_WARN_INT_CONVERSION = YES;
				CLANG_WARN_NON_LITERAL_NULL_CONVERSION = YES;
				CLANG_WARN_OBJC_IMPLICIT_RETAIN_SELF = YES;
				CLANG_WARN_OBJC_LITERAL_CONVERSION = YES;
				CLANG_WARN_OBJC_ROOT_CLASS = YES_ERROR;
				CLANG_WARN_QUOTED_INCLUDE_IN_FRAMEWORK_HEADER = YES;
				CLANG_WARN_RANGE_LOOP_ANALYSIS = YES;
				CLANG_WARN_STRICT_PROTOTYPES = YES;
				CLANG_WARN_SUSPICIOUS_MOVE = YES;
				CLANG_WARN_UNGUARDED_AVAILABILITY = YES_AGGRESSIVE;
				CLANG_WARN_UNREACHABLE_CODE = YES;
				CLANG_WARN__DUPLICATE_METHOD_MATCH = YES;
				COPY_PHASE_STRIP = NO;
				DEBUG_INFORMATION_FORMAT = dwarf;
				ENABLE_STRICT_OBJC_MSGSEND = YES;
				ENABLE_TESTABILITY = YES;
				ENABLE_USER_SCRIPT_SANDBOXING = YES;
				GCC_C_LANGUAGE_STANDARD = gnu17;
				GCC_DYNAMIC_NO_PIC = NO;
				GCC_NO_COMMON_BLOCKS = YES;
				GCC_OPTIMIZATION_LEVEL = 0;
				GCC_PREPROCESSOR_DEFINITIONS = (
					"DEBUG=1",
					"$(inherited)",
				);
				GCC_WARN_64_TO_32_BIT_CONVERSION = YES;
				GCC_WARN_ABOUT_RETURN_TYPE = YES_ERROR;
				GCC_WARN_UNDECLARED_SELECTOR = YES;
				GCC_WARN_UNINITIALIZED_AUTOS = YES_AGGRESSIVE;
				GCC_WARN_UNUSED_FUNCTION = YES;
				GCC_WARN_UNUSED_VARIABLE = YES;
				LOCALIZATION_PREFERS_STRING_CATALOGS = YES;
				MACOSX_DEPLOYMENT_TARGET = 14.0;
				MTL_ENABLE_DEBUG_INFO = INCLUDE_SOURCE;
				MTL_FAST_MATH = YES;
				ONLY_ACTIVE_ARCH = YES;
				SDKROOT = macosx;
				SWIFT_ACTIVE_COMPILATION_CONDITIONS = "DEBUG $(inherited)";
				SWIFT_OPTIMIZATION_LEVEL = "-Onone";
			};
			name = Debug;
		};
		7DC0CF242A547FEA00A7292B /* Release */ = {
			isa = XCBuildConfiguration;
			buildSettings = {
				ALWAYS_SEARCH_USER_PATHS = NO;
				ASSETCATALOG_COMPILER_GENERATE_SWIFT_ASSET_SYMBOL_EXTENSIONS = YES;
				CLANG_ANALYZER_NONNULL = YES;
				CLANG_ANALYZER_NUMBER_OBJECT_CONVERSION = YES_AGGRESSIVE;
				CLANG_CXX_LANGUAGE_STANDARD = "gnu++20";
				CLANG_ENABLE_MODULES = YES;
				CLANG_ENABLE_OBJC_ARC = YES;
				CLANG_ENABLE_OBJC_WEAK = YES;
				CLANG_WARN_BLOCK_CAPTURE_AUTORELEASING = YES;
				CLANG_WARN_BOOL_CONVERSION = YES;
				CLANG_WARN_COMMA = YES;
				CLANG_WARN_CONSTANT_CONVERSION = YES;
				CLANG_WARN_DEPRECATED_OBJC_IMPLEMENTATIONS = YES;
				CLANG_WARN_DIRECT_OBJC_ISA_USAGE = YES_ERROR;
				CLANG_WARN_DOCUMENTATION_COMMENTS = YES;
				CLANG_WARN_EMPTY_BODY = YES;
				CLANG_WARN_ENUM_CONVERSION = YES;
				CLANG_WARN_INFINITE_RECURSION = YES;
				CLANG_WARN_INT_CONVERSION = YES;
				CLANG_WARN_NON_LITERAL_NULL_CONVERSION = YES;
				CLANG_WARN_OBJC_IMPLICIT_RETAIN_SELF = YES;
				CLANG_WARN_OBJC_LITERAL_CONVERSION = YES;
				CLANG_WARN_OBJC_ROOT_CLASS = YES_ERROR;
				CLANG_WARN_QUOTED_INCLUDE_IN_FRAMEWORK_HEADER = YES;
				CLANG_WARN_RANGE_LOOP_ANALYSIS = YES;
				CLANG_WARN_STRICT_PROTOTYPES = YES;
				CLANG_WARN_SUSPICIOUS_MOVE = YES;
				CLANG_WARN_UNGUARDED_AVAILABILITY = YES_AGGRESSIVE;
				CLANG_WARN_UNREACHABLE_CODE = YES;
				CLANG_WARN__DUPLICATE_METHOD_MATCH = YES;
				COPY_PHASE_STRIP = NO;
				DEBUG_INFORMATION_FORMAT = "dwarf-with-dsym";
				ENABLE_NS_ASSERTIONS = NO;
				ENABLE_STRICT_OBJC_MSGSEND = YES;
				ENABLE_USER_SCRIPT_SANDBOXING = YES;
				GCC_C_LANGUAGE_STANDARD = gnu17;
				GCC_NO_COMMON_BLOCKS = YES;
				GCC_WARN_64_TO_32_BIT_CONVERSION = YES;
				GCC_WARN_ABOUT_RETURN_TYPE = YES_ERROR;
				GCC_WARN_UNDECLARED_SELECTOR = YES;
				GCC_WARN_UNINITIALIZED_AUTOS = YES_AGGRESSIVE;
				GCC_WARN_UNUSED_FUNCTION = YES;
				GCC_WARN_UNUSED_VARIABLE = YES;
				LOCALIZATION_PREFERS_STRING_CATALOGS = YES;
				MACOSX_DEPLOYMENT_TARGET = 14.0;
				MTL_ENABLE_DEBUG_INFO = NO;
				MTL_FAST_MATH = YES;
				SDKROOT = macosx;
				SWIFT_COMPILATION_MODE = wholemodule;
			};
			name = Release;
		};
		7DC0CF262A547FEA00A7292B /* Debug */ = {
			isa = XCBuildConfiguration;
			buildSettings = {
				ASSETCATALOG_COMPILER_APPICON_NAME = AppIcon;
				ASSETCATALOG_COMPILER_GLOBAL_ACCENT_COLOR_NAME = AccentColor;
				CODE_SIGN_ENTITLEMENTS = TwoByTwoExample/TwoByTwoExample.entitlements;
				CODE_SIGN_STYLE = Automatic;
				COMBINE_HIDPI_IMAGES = YES;
				CURRENT_PROJECT_VERSION = 1;
				DEVELOPMENT_ASSET_PATHS = "\"TwoByTwoExample/Preview Content\"";
				DEVELOPMENT_TEAM = 8GNE6ML5WX;
				ENABLE_HARDENED_RUNTIME = YES;
				ENABLE_PREVIEWS = YES;
				GENERATE_INFOPLIST_FILE = YES;
				INFOPLIST_KEY_NSHumanReadableCopyright = "";
				LD_RUNPATH_SEARCH_PATHS = (
					"$(inherited)",
					"@executable_path/../Frameworks",
				);
				MARKETING_VERSION = 1.0;
				PRODUCT_BUNDLE_IDENTIFIER = io.opendive.TwoByTwoExample;
				PRODUCT_NAME = "$(TARGET_NAME)";
				SWIFT_EMIT_LOC_STRINGS = YES;
				SWIFT_VERSION = 5.0;
			};
			name = Debug;
		};
		7DC0CF272A547FEA00A7292B /* Release */ = {
			isa = XCBuildConfiguration;
			buildSettings = {
				ASSETCATALOG_COMPILER_APPICON_NAME = AppIcon;
				ASSETCATALOG_COMPILER_GLOBAL_ACCENT_COLOR_NAME = AccentColor;
				CODE_SIGN_ENTITLEMENTS = TwoByTwoExample/TwoByTwoExample.entitlements;
				CODE_SIGN_STYLE = Automatic;
				COMBINE_HIDPI_IMAGES = YES;
				CURRENT_PROJECT_VERSION = 1;
				DEVELOPMENT_ASSET_PATHS = "\"TwoByTwoExample/Preview Content\"";
				DEVELOPMENT_TEAM = 8GNE6ML5WX;
				ENABLE_HARDENED_RUNTIME = YES;
				ENABLE_PREVIEWS = YES;
				GENERATE_INFOPLIST_FILE = YES;
				INFOPLIST_KEY_NSHumanReadableCopyright = "";
				LD_RUNPATH_SEARCH_PATHS = (
					"$(inherited)",
					"@executable_path/../Frameworks",
				);
				MARKETING_VERSION = 1.0;
				PRODUCT_BUNDLE_IDENTIFIER = io.opendive.TwoByTwoExample;
				PRODUCT_NAME = "$(TARGET_NAME)";
				SWIFT_EMIT_LOC_STRINGS = YES;
				SWIFT_VERSION = 5.0;
			};
			name = Release;
		};
/* End XCBuildConfiguration section */

/* Begin XCConfigurationList section */
		7DC0CF112A547FE800A7292B /* Build configuration list for PBXProject "TwoByTwoExample" */ = {
			isa = XCConfigurationList;
			buildConfigurations = (
				7DC0CF232A547FEA00A7292B /* Debug */,
				7DC0CF242A547FEA00A7292B /* Release */,
			);
			defaultConfigurationIsVisible = 0;
			defaultConfigurationName = Release;
		};
		7DC0CF252A547FEA00A7292B /* Build configuration list for PBXNativeTarget "TwoByTwoExample" */ = {
			isa = XCConfigurationList;
			buildConfigurations = (
				7DC0CF262A547FEA00A7292B /* Debug */,
				7DC0CF272A547FEA00A7292B /* Release */,
			);
			defaultConfigurationIsVisible = 0;
			defaultConfigurationName = Release;
		};
/* End XCConfigurationList section */

/* Begin XCSwiftPackageProductDependency section */
		7DC0CF2E2A5480DB00A7292B /* AptosKit */ = {
			isa = XCSwiftPackageProductDependency;
			productName = AptosKit;
		};
/* End XCSwiftPackageProductDependency section */
	};
	rootObject = 7DC0CF0E2A547FE800A7292B /* Project object */;
}
