// !$*UTF8*$!
{
	archiveVersion = 1;
	classes = {
	};
	objectVersion = 56;
	objects = {

/* Begin PBXBuildFile section */
		7D7B4DBC29EF32C500BF1404 /* iOS_ExampleApp.swift in Sources */ = {isa = PBXBuildFile; fileRef = 7D7B4DBB29EF32C500BF1404 /* iOS_ExampleApp.swift */; };
		7D7B4DBE29EF32C500BF1404 /* ContentView.swift in Sources */ = {isa = PBXBuildFile; fileRef = 7D7B4DBD29EF32C500BF1404 /* ContentView.swift */; };
		7D7B4DC029EF32C600BF1404 /* Assets.xcassets in Resources */ = {isa = PBXBuildFile; fileRef = 7D7B4DBF29EF32C600BF1404 /* Assets.xcassets */; };
		7D7B4DC329EF32C600BF1404 /* Preview Assets.xcassets in Resources */ = {isa = PBXBuildFile; fileRef = 7D7B4DC229EF32C600BF1404 /* Preview Assets.xcassets */; };
		7D7B4DCC29EF331800BF1404 /* AptosKit in Frameworks */ = {isa = PBXBuildFile; productRef = 7D7B4DCB29EF331800BF1404 /* AptosKit */; };
		7D7B4DCE29EF426C00BF1404 /* CreateAccountView.swift in Sources */ = {isa = PBXBuildFile; fileRef = 7D7B4DCD29EF426C00BF1404 /* CreateAccountView.swift */; };
		7D7B4DD229EF44A900BF1404 /* TransactionView.swift in Sources */ = {isa = PBXBuildFile; fileRef = 7D7B4DD129EF44A900BF1404 /* TransactionView.swift */; };
		7D7B4DD429EF48B100BF1404 /* SimulateTransactionView.swift in Sources */ = {isa = PBXBuildFile; fileRef = 7D7B4DD329EF48B100BF1404 /* SimulateTransactionView.swift */; };
		7D7B4DDA29F1D8BD00BF1404 /* HomeView.swift in Sources */ = {isa = PBXBuildFile; fileRef = 7D7B4DD929F1D8BD00BF1404 /* HomeView.swift */; };
		7D7B4DDC29F1DD2500BF1404 /* AccountView.swift in Sources */ = {isa = PBXBuildFile; fileRef = 7D7B4DDB29F1DD2500BF1404 /* AccountView.swift */; };
/* End PBXBuildFile section */

/* Begin PBXFileReference section */
		7D7B4DB829EF32C500BF1404 /* iOS_Example.app */ = {isa = PBXFileReference; explicitFileType = wrapper.application; includeInIndex = 0; path = iOS_Example.app; sourceTree = BUILT_PRODUCTS_DIR; };
		7D7B4DBB29EF32C500BF1404 /* iOS_ExampleApp.swift */ = {isa = PBXFileReference; lastKnownFileType = sourcecode.swift; path = iOS_ExampleApp.swift; sourceTree = "<group>"; };
		7D7B4DBD29EF32C500BF1404 /* ContentView.swift */ = {isa = PBXFileReference; lastKnownFileType = sourcecode.swift; path = ContentView.swift; sourceTree = "<group>"; };
		7D7B4DBF29EF32C600BF1404 /* Assets.xcassets */ = {isa = PBXFileReference; lastKnownFileType = folder.assetcatalog; path = Assets.xcassets; sourceTree = "<group>"; };
		7D7B4DC229EF32C600BF1404 /* Preview Assets.xcassets */ = {isa = PBXFileReference; lastKnownFileType = folder.assetcatalog; path = "Preview Assets.xcassets"; sourceTree = "<group>"; };
		7D7B4DCA29EF32D700BF1404 /* AptosKit */ = {isa = PBXFileReference; lastKnownFileType = wrapper; name = AptosKit; path = ../..; sourceTree = "<group>"; };
		7D7B4DCD29EF426C00BF1404 /* CreateAccountView.swift */ = {isa = PBXFileReference; lastKnownFileType = sourcecode.swift; path = CreateAccountView.swift; sourceTree = "<group>"; };
		7D7B4DD129EF44A900BF1404 /* TransactionView.swift */ = {isa = PBXFileReference; lastKnownFileType = sourcecode.swift; path = TransactionView.swift; sourceTree = "<group>"; };
		7D7B4DD329EF48B100BF1404 /* SimulateTransactionView.swift */ = {isa = PBXFileReference; lastKnownFileType = sourcecode.swift; path = SimulateTransactionView.swift; sourceTree = "<group>"; };
		7D7B4DD929F1D8BD00BF1404 /* HomeView.swift */ = {isa = PBXFileReference; lastKnownFileType = sourcecode.swift; path = HomeView.swift; sourceTree = "<group>"; };
		7D7B4DDB29F1DD2500BF1404 /* AccountView.swift */ = {isa = PBXFileReference; lastKnownFileType = sourcecode.swift; path = AccountView.swift; sourceTree = "<group>"; };
/* End PBXFileReference section */

/* Begin PBXFrameworksBuildPhase section */
		7D7B4DB529EF32C500BF1404 /* Frameworks */ = {
			isa = PBXFrameworksBuildPhase;
			buildActionMask = 2147483647;
			files = (
				7D7B4DCC29EF331800BF1404 /* AptosKit in Frameworks */,
			);
			runOnlyForDeploymentPostprocessing = 0;
		};
/* End PBXFrameworksBuildPhase section */

/* Begin PBXGroup section */
		7D7B4DAF29EF32C500BF1404 = {
			isa = PBXGroup;
			children = (
				7D7B4DBA29EF32C500BF1404 /* iOS_Example */,
				7D7B4DB929EF32C500BF1404 /* Products */,
				7D7B4DC929EF32D700BF1404 /* Frameworks */,
			);
			sourceTree = "<group>";
		};
		7D7B4DB929EF32C500BF1404 /* Products */ = {
			isa = PBXGroup;
			children = (
				7D7B4DB829EF32C500BF1404 /* iOS_Example.app */,
			);
			name = Products;
			sourceTree = "<group>";
		};
		7D7B4DBA29EF32C500BF1404 /* iOS_Example */ = {
			isa = PBXGroup;
			children = (
				7D7B4DBB29EF32C500BF1404 /* iOS_ExampleApp.swift */,
				7D7B4DBD29EF32C500BF1404 /* ContentView.swift */,
				7D7B4DBF29EF32C600BF1404 /* Assets.xcassets */,
				7D7B4DC129EF32C600BF1404 /* Preview Content */,
				7D7B4DCD29EF426C00BF1404 /* CreateAccountView.swift */,
				7D7B4DD129EF44A900BF1404 /* TransactionView.swift */,
				7D7B4DD329EF48B100BF1404 /* SimulateTransactionView.swift */,
				7D7B4DD929F1D8BD00BF1404 /* HomeView.swift */,
				7D7B4DDB29F1DD2500BF1404 /* AccountView.swift */,
			);
			path = iOS_Example;
			sourceTree = "<group>";
		};
		7D7B4DC129EF32C600BF1404 /* Preview Content */ = {
			isa = PBXGroup;
			children = (
				7D7B4DC229EF32C600BF1404 /* Preview Assets.xcassets */,
			);
			path = "Preview Content";
			sourceTree = "<group>";
		};
		7D7B4DC929EF32D700BF1404 /* Frameworks */ = {
			isa = PBXGroup;
			children = (
				7D7B4DCA29EF32D700BF1404 /* AptosKit */,
			);
			name = Frameworks;
			sourceTree = "<group>";
		};
/* End PBXGroup section */

/* Begin PBXNativeTarget section */
		7D7B4DB729EF32C500BF1404 /* iOS_Example */ = {
			isa = PBXNativeTarget;
			buildConfigurationList = 7D7B4DC629EF32C600BF1404 /* Build configuration list for PBXNativeTarget "iOS_Example" */;
			buildPhases = (
				7D7B4DB429EF32C500BF1404 /* Sources */,
				7D7B4DB529EF32C500BF1404 /* Frameworks */,
				7D7B4DB629EF32C500BF1404 /* Resources */,
			);
			buildRules = (
			);
			dependencies = (
			);
			name = iOS_Example;
			packageProductDependencies = (
				7D7B4DCB29EF331800BF1404 /* AptosKit */,
			);
			productName = iOS_Example;
			productReference = 7D7B4DB829EF32C500BF1404 /* iOS_Example.app */;
			productType = "com.apple.product-type.application";
		};
/* End PBXNativeTarget section */

/* Begin PBXProject section */
		7D7B4DB029EF32C500BF1404 /* Project object */ = {
			isa = PBXProject;
			attributes = {
				BuildIndependentTargetsInParallel = 1;
				LastSwiftUpdateCheck = 1430;
				LastUpgradeCheck = 1430;
				TargetAttributes = {
					7D7B4DB729EF32C500BF1404 = {
						CreatedOnToolsVersion = 14.3;
					};
				};
			};
			buildConfigurationList = 7D7B4DB329EF32C500BF1404 /* Build configuration list for PBXProject "iOS_Example" */;
			compatibilityVersion = "Xcode 14.0";
			developmentRegion = en;
			hasScannedForEncodings = 0;
			knownRegions = (
				en,
				Base,
			);
			mainGroup = 7D7B4DAF29EF32C500BF1404;
			productRefGroup = 7D7B4DB929EF32C500BF1404 /* Products */;
			projectDirPath = "";
			projectRoot = "";
			targets = (
				7D7B4DB729EF32C500BF1404 /* iOS_Example */,
			);
		};
/* End PBXProject section */

/* Begin PBXResourcesBuildPhase section */
		7D7B4DB629EF32C500BF1404 /* Resources */ = {
			isa = PBXResourcesBuildPhase;
			buildActionMask = 2147483647;
			files = (
				7D7B4DC329EF32C600BF1404 /* Preview Assets.xcassets in Resources */,
				7D7B4DC029EF32C600BF1404 /* Assets.xcassets in Resources */,
			);
			runOnlyForDeploymentPostprocessing = 0;
		};
/* End PBXResourcesBuildPhase section */

/* Begin PBXSourcesBuildPhase section */
		7D7B4DB429EF32C500BF1404 /* Sources */ = {
			isa = PBXSourcesBuildPhase;
			buildActionMask = 2147483647;
			files = (
				7D7B4DCE29EF426C00BF1404 /* CreateAccountView.swift in Sources */,
				7D7B4DD229EF44A900BF1404 /* TransactionView.swift in Sources */,
				7D7B4DBE29EF32C500BF1404 /* ContentView.swift in Sources */,
				7D7B4DDA29F1D8BD00BF1404 /* HomeView.swift in Sources */,
				7D7B4DDC29F1DD2500BF1404 /* AccountView.swift in Sources */,
				7D7B4DD429EF48B100BF1404 /* SimulateTransactionView.swift in Sources */,
				7D7B4DBC29EF32C500BF1404 /* iOS_ExampleApp.swift in Sources */,
			);
			runOnlyForDeploymentPostprocessing = 0;
		};
/* End PBXSourcesBuildPhase section */

/* Begin XCBuildConfiguration section */
		7D7B4DC429EF32C600BF1404 /* Debug */ = {
			isa = XCBuildConfiguration;
			buildSettings = {
				ALWAYS_SEARCH_USER_PATHS = NO;
				CLANG_ANALYZER_NONNULL = YES;
				CLANG_ANALYZER_NUMBER_OBJECT_CONVERSION = YES_AGGRESSIVE;
				CLANG_CXX_LANGUAGE_STANDARD = "gnu++20";
				CLANG_ENABLE_MODULES = YES;
				CLANG_ENABLE_OBJC_ARC = YES;
				CLANG_ENABLE_OBJC_WEAK = YES;
				CLANG_WARN_BLOCK_CAPTURE_AUTORELEASING = YES;
				CLANG_WARN_BOOL_CONVERSION = YES;
				CLANG_WARN_COMMA = YES;
				CLANG_WARN_CONSTANT_CONVERSION = YES;
				CLANG_WARN_DEPRECATED_OBJC_IMPLEMENTATIONS = YES;
				CLANG_WARN_DIRECT_OBJC_ISA_USAGE = YES_ERROR;
				CLANG_WARN_DOCUMENTATION_COMMENTS = YES;
				CLANG_WARN_EMPTY_BODY = YES;
				CLANG_WARN_ENUM_CONVERSION = YES;
				CLANG_WARN_INFINITE_RECURSION = YES;
				CLANG_WARN_INT_CONVERSION = YES;
				CLANG_WARN_NON_LITERAL_NULL_CONVERSION = YES;
				CLANG_WARN_OBJC_IMPLICIT_RETAIN_SELF = YES;
				CLANG_WARN_OBJC_LITERAL_CONVERSION = YES;
				CLANG_WARN_OBJC_ROOT_CLASS = YES_ERROR;
				CLANG_WARN_QUOTED_INCLUDE_IN_FRAMEWORK_HEADER = YES;
				CLANG_WARN_RANGE_LOOP_ANALYSIS = YES;
				CLANG_WARN_STRICT_PROTOTYPES = YES;
				CLANG_WARN_SUSPICIOUS_MOVE = YES;
				CLANG_WARN_UNGUARDED_AVAILABILITY = YES_AGGRESSIVE;
				CLANG_WARN_UNREACHABLE_CODE = YES;
				CLANG_WARN__DUPLICATE_METHOD_MATCH = YES;
				COPY_PHASE_STRIP = NO;
				DEBUG_INFORMATION_FORMAT = dwarf;
				ENABLE_STRICT_OBJC_MSGSEND = YES;
				ENABLE_TESTABILITY = YES;
				GCC_C_LANGUAGE_STANDARD = gnu11;
				GCC_DYNAMIC_NO_PIC = NO;
				GCC_NO_COMMON_BLOCKS = YES;
				GCC_OPTIMIZATION_LEVEL = 0;
				GCC_PREPROCESSOR_DEFINITIONS = (
					"DEBUG=1",
					"$(inherited)",
				);
				GCC_WARN_64_TO_32_BIT_CONVERSION = YES;
				GCC_WARN_ABOUT_RETURN_TYPE = YES_ERROR;
				GCC_WARN_UNDECLARED_SELECTOR = YES;
				GCC_WARN_UNINITIALIZED_AUTOS = YES_AGGRESSIVE;
				GCC_WARN_UNUSED_FUNCTION = YES;
				GCC_WARN_UNUSED_VARIABLE = YES;
				IPHONEOS_DEPLOYMENT_TARGET = 16.4;
				MTL_ENABLE_DEBUG_INFO = INCLUDE_SOURCE;
				MTL_FAST_MATH = YES;
				ONLY_ACTIVE_ARCH = YES;
				SDKROOT = iphoneos;
				SWIFT_ACTIVE_COMPILATION_CONDITIONS = DEBUG;
				SWIFT_OPTIMIZATION_LEVEL = "-Onone";
			};
			name = Debug;
		};
		7D7B4DC529EF32C600BF1404 /* Release */ = {
			isa = XCBuildConfiguration;
			buildSettings = {
				ALWAYS_SEARCH_USER_PATHS = NO;
				CLANG_ANALYZER_NONNULL = YES;
				CLANG_ANALYZER_NUMBER_OBJECT_CONVERSION = YES_AGGRESSIVE;
				CLANG_CXX_LANGUAGE_STANDARD = "gnu++20";
				CLANG_ENABLE_MODULES = YES;
				CLANG_ENABLE_OBJC_ARC = YES;
				CLANG_ENABLE_OBJC_WEAK = YES;
				CLANG_WARN_BLOCK_CAPTURE_AUTORELEASING = YES;
				CLANG_WARN_BOOL_CONVERSION = YES;
				CLANG_WARN_COMMA = YES;
				CLANG_WARN_CONSTANT_CONVERSION = YES;
				CLANG_WARN_DEPRECATED_OBJC_IMPLEMENTATIONS = YES;
				CLANG_WARN_DIRECT_OBJC_ISA_USAGE = YES_ERROR;
				CLANG_WARN_DOCUMENTATION_COMMENTS = YES;
				CLANG_WARN_EMPTY_BODY = YES;
				CLANG_WARN_ENUM_CONVERSION = YES;
				CLANG_WARN_INFINITE_RECURSION = YES;
				CLANG_WARN_INT_CONVERSION = YES;
				CLANG_WARN_NON_LITERAL_NULL_CONVERSION = YES;
				CLANG_WARN_OBJC_IMPLICIT_RETAIN_SELF = YES;
				CLANG_WARN_OBJC_LITERAL_CONVERSION = YES;
				CLANG_WARN_OBJC_ROOT_CLASS = YES_ERROR;
				CLANG_WARN_QUOTED_INCLUDE_IN_FRAMEWORK_HEADER = YES;
				CLANG_WARN_RANGE_LOOP_ANALYSIS = YES;
				CLANG_WARN_STRICT_PROTOTYPES = YES;
				CLANG_WARN_SUSPICIOUS_MOVE = YES;
				CLANG_WARN_UNGUARDED_AVAILABILITY = YES_AGGRESSIVE;
				CLANG_WARN_UNREACHABLE_CODE = YES;
				CLANG_WARN__DUPLICATE_METHOD_MATCH = YES;
				COPY_PHASE_STRIP = NO;
				DEBUG_INFORMATION_FORMAT = "dwarf-with-dsym";
				ENABLE_NS_ASSERTIONS = NO;
				ENABLE_STRICT_OBJC_MSGSEND = YES;
				GCC_C_LANGUAGE_STANDARD = gnu11;
				GCC_NO_COMMON_BLOCKS = YES;
				GCC_WARN_64_TO_32_BIT_CONVERSION = YES;
				GCC_WARN_ABOUT_RETURN_TYPE = YES_ERROR;
				GCC_WARN_UNDECLARED_SELECTOR = YES;
				GCC_WARN_UNINITIALIZED_AUTOS = YES_AGGRESSIVE;
				GCC_WARN_UNUSED_FUNCTION = YES;
				GCC_WARN_UNUSED_VARIABLE = YES;
				IPHONEOS_DEPLOYMENT_TARGET = 16.4;
				MTL_ENABLE_DEBUG_INFO = NO;
				MTL_FAST_MATH = YES;
				SDKROOT = iphoneos;
				SWIFT_COMPILATION_MODE = wholemodule;
				SWIFT_OPTIMIZATION_LEVEL = "-O";
				VALIDATE_PRODUCT = YES;
			};
			name = Release;
		};
		7D7B4DC729EF32C600BF1404 /* Debug */ = {
			isa = XCBuildConfiguration;
			buildSettings = {
				ASSETCATALOG_COMPILER_APPICON_NAME = AppIcon;
				ASSETCATALOG_COMPILER_GLOBAL_ACCENT_COLOR_NAME = AccentColor;
				CODE_SIGN_STYLE = Automatic;
				CURRENT_PROJECT_VERSION = 1;
				DEVELOPMENT_ASSET_PATHS = "\"iOS_Example/Preview Content\"";
				DEVELOPMENT_TEAM = 8GNE6ML5WX;
				ENABLE_PREVIEWS = YES;
				GENERATE_INFOPLIST_FILE = YES;
				INFOPLIST_KEY_UIApplicationSceneManifest_Generation = YES;
				INFOPLIST_KEY_UIApplicationSupportsIndirectInputEvents = YES;
				INFOPLIST_KEY_UILaunchScreen_Generation = YES;
				INFOPLIST_KEY_UISupportedInterfaceOrientations_iPad = "UIInterfaceOrientationPortrait UIInterfaceOrientationPortraitUpsideDown UIInterfaceOrientationLandscapeLeft UIInterfaceOrientationLandscapeRight";
				INFOPLIST_KEY_UISupportedInterfaceOrientations_iPhone = "UIInterfaceOrientationPortrait UIInterfaceOrientationLandscapeLeft UIInterfaceOrientationLandscapeRight";
				IPHONEOS_DEPLOYMENT_TARGET = 16.0;
				LD_RUNPATH_SEARCH_PATHS = (
					"$(inherited)",
					"@executable_path/Frameworks",
				);
				MARKETING_VERSION = 1.0;
				PRODUCT_BUNDLE_IDENTIFIER = "com.marcodotio.iOS-Example";
				PRODUCT_NAME = "$(TARGET_NAME)";
				SUPPORTED_PLATFORMS = "iphoneos iphonesimulator";
				SUPPORTS_MACCATALYST = NO;
				SUPPORTS_MAC_DESIGNED_FOR_IPHONE_IPAD = NO;
				SWIFT_EMIT_LOC_STRINGS = YES;
				SWIFT_VERSION = 5.0;
				TARGETED_DEVICE_FAMILY = "1,2";
			};
			name = Debug;
		};
		7D7B4DC829EF32C600BF1404 /* Release */ = {
			isa = XCBuildConfiguration;
			buildSettings = {
				ASSETCATALOG_COMPILER_APPICON_NAME = AppIcon;
				ASSETCATALOG_COMPILER_GLOBAL_ACCENT_COLOR_NAME = AccentColor;
				CODE_SIGN_STYLE = Automatic;
				CURRENT_PROJECT_VERSION = 1;
				DEVELOPMENT_ASSET_PATHS = "\"iOS_Example/Preview Content\"";
				DEVELOPMENT_TEAM = 8GNE6ML5WX;
				ENABLE_PREVIEWS = YES;
				GENERATE_INFOPLIST_FILE = YES;
				INFOPLIST_KEY_UIApplicationSceneManifest_Generation = YES;
				INFOPLIST_KEY_UIApplicationSupportsIndirectInputEvents = YES;
				INFOPLIST_KEY_UILaunchScreen_Generation = YES;
				INFOPLIST_KEY_UISupportedInterfaceOrientations_iPad = "UIInterfaceOrientationPortrait UIInterfaceOrientationPortraitUpsideDown UIInterfaceOrientationLandscapeLeft UIInterfaceOrientationLandscapeRight";
				INFOPLIST_KEY_UISupportedInterfaceOrientations_iPhone = "UIInterfaceOrientationPortrait UIInterfaceOrientationLandscapeLeft UIInterfaceOrientationLandscapeRight";
				IPHONEOS_DEPLOYMENT_TARGET = 16.0;
				LD_RUNPATH_SEARCH_PATHS = (
					"$(inherited)",
					"@executable_path/Frameworks",
				);
				MARKETING_VERSION = 1.0;
				PRODUCT_BUNDLE_IDENTIFIER = "com.marcodotio.iOS-Example";
				PRODUCT_NAME = "$(TARGET_NAME)";
				SUPPORTED_PLATFORMS = "iphoneos iphonesimulator";
				SUPPORTS_MACCATALYST = NO;
				SUPPORTS_MAC_DESIGNED_FOR_IPHONE_IPAD = NO;
				SWIFT_EMIT_LOC_STRINGS = YES;
				SWIFT_VERSION = 5.0;
				TARGETED_DEVICE_FAMILY = "1,2";
			};
			name = Release;
		};
/* End XCBuildConfiguration section */

/* Begin XCConfigurationList section */
		7D7B4DB329EF32C500BF1404 /* Build configuration list for PBXProject "iOS_Example" */ = {
			isa = XCConfigurationList;
			buildConfigurations = (
				7D7B4DC429EF32C600BF1404 /* Debug */,
				7D7B4DC529EF32C600BF1404 /* Release */,
			);
			defaultConfigurationIsVisible = 0;
			defaultConfigurationName = Release;
		};
		7D7B4DC629EF32C600BF1404 /* Build configuration list for PBXNativeTarget "iOS_Example" */ = {
			isa = XCConfigurationList;
			buildConfigurations = (
				7D7B4DC729EF32C600BF1404 /* Debug */,
				7D7B4DC829EF32C600BF1404 /* Release */,
			);
			defaultConfigurationIsVisible = 0;
			defaultConfigurationName = Release;
		};
/* End XCConfigurationList section */

/* Begin XCSwiftPackageProductDependency section */
		7D7B4DCB29EF331800BF1404 /* AptosKit */ = {
			isa = XCSwiftPackageProductDependency;
			productName = AptosKit;
		};
/* End XCSwiftPackageProductDependency section */
	};
	rootObject = 7D7B4DB029EF32C500BF1404 /* Project object */;
}
