// !$*UTF8*$!
{
	archiveVersion = 1;
	classes = {
	};
	objectVersion = 56;
	objects = {

/* Begin PBXBuildFile section */
		7D47B2052A5373A100841117 /* ReadAggregator.swift in Sources */ = {isa = PBXBuildFile; fileRef = 7D47B2042A5373A100841117 /* ReadAggregator.swift */; };
		7D47B2072A53742300841117 /* Example.swift in Sources */ = {isa = PBXBuildFile; fileRef = 7D47B2062A53742300841117 /* Example.swift */; };
		7D47B2092A53749500841117 /* SimpleNFT.swift in Sources */ = {isa = PBXBuildFile; fileRef = 7D47B2082A53749500841117 /* SimpleNFT.swift */; };
		7D47B20B2A5389D800841117 /* SimulateTransferCoin.swift in Sources */ = {isa = PBXBuildFile; fileRef = 7D47B20A2A5389D800841117 /* SimulateTransferCoin.swift */; };
		7D6E0A0B2A4E2F68009488DB /* TokenClient.swift in Sources */ = {isa = PBXBuildFile; fileRef = 7D6E0A0A2A4E2F68009488DB /* TokenClient.swift */; };
		7D6E0A142A4E2FA1009488DB /* AptosKit in Frameworks */ = {isa = PBXBuildFile; productRef = 7D6E0A132A4E2FA1009488DB /* AptosKit */; };
/* End PBXBuildFile section */

/* Begin PBXCopyFilesBuildPhase section */
		7D6E0A052A4E2F68009488DB /* CopyFiles */ = {
			isa = PBXCopyFilesBuildPhase;
			buildActionMask = 2147483647;
			dstPath = /usr/share/man/man1/;
			dstSubfolderSpec = 0;
			files = (
			);
			runOnlyForDeploymentPostprocessing = 1;
		};
/* End PBXCopyFilesBuildPhase section */

/* Begin PBXFileReference section */
		7D47B2042A5373A100841117 /* ReadAggregator.swift */ = {isa = PBXFileReference; lastKnownFileType = sourcecode.swift; path = ReadAggregator.swift; sourceTree = "<group>"; };
		7D47B2062A53742300841117 /* Example.swift */ = {isa = PBXFileReference; lastKnownFileType = sourcecode.swift; path = Example.swift; sourceTree = "<group>"; };
		7D47B2082A53749500841117 /* SimpleNFT.swift */ = {isa = PBXFileReference; lastKnownFileType = sourcecode.swift; path = SimpleNFT.swift; sourceTree = "<group>"; };
		7D47B20A2A5389D800841117 /* SimulateTransferCoin.swift */ = {isa = PBXFileReference; lastKnownFileType = sourcecode.swift; path = SimulateTransferCoin.swift; sourceTree = "<group>"; };
		7D6E0A072A4E2F68009488DB /* MacOS_Example */ = {isa = PBXFileReference; explicitFileType = "compiled.mach-o.executable"; includeInIndex = 0; path = MacOS_Example; sourceTree = BUILT_PRODUCTS_DIR; };
		7D6E0A0A2A4E2F68009488DB /* TokenClient.swift */ = {isa = PBXFileReference; lastKnownFileType = sourcecode.swift; path = TokenClient.swift; sourceTree = "<group>"; };
		7D6E0A122A4E2F98009488DB /* AptosKit */ = {isa = PBXFileReference; lastKnownFileType = wrapper; name = AptosKit; path = ../../..; sourceTree = "<group>"; };
/* End PBXFileReference section */

/* Begin PBXFrameworksBuildPhase section */
		7D6E0A042A4E2F68009488DB /* Frameworks */ = {
			isa = PBXFrameworksBuildPhase;
			buildActionMask = 2147483647;
			files = (
				7D6E0A142A4E2FA1009488DB /* AptosKit in Frameworks */,
			);
			runOnlyForDeploymentPostprocessing = 0;
		};
/* End PBXFrameworksBuildPhase section */

/* Begin PBXGroup section */
		7D6E09FE2A4E2F68009488DB = {
			isa = PBXGroup;
			children = (
				7D6E0A092A4E2F68009488DB /* MacOS_Example */,
				7D6E0A082A4E2F68009488DB /* Products */,
				7D6E0A112A4E2F97009488DB /* Frameworks */,
			);
			sourceTree = "<group>";
		};
		7D6E0A082A4E2F68009488DB /* Products */ = {
			isa = PBXGroup;
			children = (
				7D6E0A072A4E2F68009488DB /* MacOS_Example */,
			);
			name = Products;
			sourceTree = "<group>";
		};
		7D6E0A092A4E2F68009488DB /* MacOS_Example */ = {
			isa = PBXGroup;
			children = (
				7D6E0A0A2A4E2F68009488DB /* TokenClient.swift */,
				7D47B2042A5373A100841117 /* ReadAggregator.swift */,
				7D47B2062A53742300841117 /* Example.swift */,
				7D47B2082A53749500841117 /* SimpleNFT.swift */,
				7D47B20A2A5389D800841117 /* SimulateTransferCoin.swift */,
			);
			path = MacOS_Example;
			sourceTree = "<group>";
		};
		7D6E0A112A4E2F97009488DB /* Frameworks */ = {
			isa = PBXGroup;
			children = (
				7D6E0A122A4E2F98009488DB /* AptosKit */,
			);
			name = Frameworks;
			sourceTree = "<group>";
		};
/* End PBXGroup section */

/* Begin PBXNativeTarget section */
		7D6E0A062A4E2F68009488DB /* MacOS_Example */ = {
			isa = PBXNativeTarget;
			buildConfigurationList = 7D6E0A0E2A4E2F68009488DB /* Build configuration list for PBXNativeTarget "MacOS_Example" */;
			buildPhases = (
				7D6E0A032A4E2F68009488DB /* Sources */,
				7D6E0A042A4E2F68009488DB /* Frameworks */,
				7D6E0A052A4E2F68009488DB /* CopyFiles */,
			);
			buildRules = (
			);
			dependencies = (
			);
			name = MacOS_Example;
			packageProductDependencies = (
				7D6E0A132A4E2FA1009488DB /* AptosKit */,
			);
			productName = MacOS_Example;
			productReference = 7D6E0A072A4E2F68009488DB /* MacOS_Example */;
			productType = "com.apple.product-type.tool";
		};
/* End PBXNativeTarget section */

/* Begin PBXProject section */
		7D6E09FF2A4E2F68009488DB /* Project object */ = {
			isa = PBXProject;
			attributes = {
				BuildIndependentTargetsInParallel = 1;
				LastSwiftUpdateCheck = 1500;
				LastUpgradeCheck = 1500;
				TargetAttributes = {
					7D6E0A062A4E2F68009488DB = {
						CreatedOnToolsVersion = 15.0;
					};
				};
			};
			buildConfigurationList = 7D6E0A022A4E2F68009488DB /* Build configuration list for PBXProject "MacOS_Example" */;
			compatibilityVersion = "Xcode 14.0";
			developmentRegion = en;
			hasScannedForEncodings = 0;
			knownRegions = (
				en,
				Base,
			);
			mainGroup = 7D6E09FE2A4E2F68009488DB;
			productRefGroup = 7D6E0A082A4E2F68009488DB /* Products */;
			projectDirPath = "";
			projectRoot = "";
			targets = (
				7D6E0A062A4E2F68009488DB /* MacOS_Example */,
			);
		};
/* End PBXProject section */

/* Begin PBXSourcesBuildPhase section */
		7D6E0A032A4E2F68009488DB /* Sources */ = {
			isa = PBXSourcesBuildPhase;
			buildActionMask = 2147483647;
			files = (
				7D47B2092A53749500841117 /* SimpleNFT.swift in Sources */,
				7D47B2052A5373A100841117 /* ReadAggregator.swift in Sources */,
				7D47B20B2A5389D800841117 /* SimulateTransferCoin.swift in Sources */,
				7D6E0A0B2A4E2F68009488DB /* TokenClient.swift in Sources */,
				7D47B2072A53742300841117 /* Example.swift in Sources */,
			);
			runOnlyForDeploymentPostprocessing = 0;
		};
/* End PBXSourcesBuildPhase section */

/* Begin XCBuildConfiguration section */
		7D6E0A0C2A4E2F68009488DB /* Debug */ = {
			isa = XCBuildConfiguration;
			buildSettings = {
				ALWAYS_SEARCH_USER_PATHS = NO;
				ASSETCATALOG_COMPILER_GENERATE_SWIFT_ASSET_SYMBOL_EXTENSIONS = YES;
				CLANG_ANALYZER_NONNULL = YES;
				CLANG_ANALYZER_NUMBER_OBJECT_CONVERSION = YES_AGGRESSIVE;
				CLANG_CXX_LANGUAGE_STANDARD = "gnu++20";
				CLANG_ENABLE_MODULES = YES;
				CLANG_ENABLE_OBJC_ARC = YES;
				CLANG_ENABLE_OBJC_WEAK = YES;
				CLANG_WARN_BLOCK_CAPTURE_AUTORELEASING = YES;
				CLANG_WARN_BOOL_CONVERSION = YES;
				CLANG_WARN_COMMA = YES;
				CLANG_WARN_CONSTANT_CONVERSION = YES;
				CLANG_WARN_DEPRECATED_OBJC_IMPLEMENTATIONS = YES;
				CLANG_WARN_DIRECT_OBJC_ISA_USAGE = YES_ERROR;
				CLANG_WARN_DOCUMENTATION_COMMENTS = YES;
				CLANG_WARN_EMPTY_BODY = YES;
				CLANG_WARN_ENUM_CONVERSION = YES;
				CLANG_WARN_INFINITE_RECURSION = YES;
				CLANG_WARN_INT_CONVERSION = YES;
				CLANG_WARN_NON_LITERAL_NULL_CONVERSION = YES;
				CLANG_WARN_OBJC_IMPLICIT_RETAIN_SELF = YES;
				CLANG_WARN_OBJC_LITERAL_CONVERSION = YES;
				CLANG_WARN_OBJC_ROOT_CLASS = YES_ERROR;
				CLANG_WARN_QUOTED_INCLUDE_IN_FRAMEWORK_HEADER = YES;
				CLANG_WARN_RANGE_LOOP_ANALYSIS = YES;
				CLANG_WARN_STRICT_PROTOTYPES = YES;
				CLANG_WARN_SUSPICIOUS_MOVE = YES;
				CLANG_WARN_UNGUARDED_AVAILABILITY = YES_AGGRESSIVE;
				CLANG_WARN_UNREACHABLE_CODE = YES;
				CLANG_WARN__DUPLICATE_METHOD_MATCH = YES;
				COPY_PHASE_STRIP = NO;
				DEBUG_INFORMATION_FORMAT = dwarf;
				ENABLE_STRICT_OBJC_MSGSEND = YES;
				ENABLE_TESTABILITY = YES;
				ENABLE_USER_SCRIPT_SANDBOXING = YES;
				GCC_C_LANGUAGE_STANDARD = gnu17;
				GCC_DYNAMIC_NO_PIC = NO;
				GCC_NO_COMMON_BLOCKS = YES;
				GCC_OPTIMIZATION_LEVEL = 0;
				GCC_PREPROCESSOR_DEFINITIONS = (
					"DEBUG=1",
					"$(inherited)",
				);
				GCC_WARN_64_TO_32_BIT_CONVERSION = YES;
				GCC_WARN_ABOUT_RETURN_TYPE = YES_ERROR;
				GCC_WARN_UNDECLARED_SELECTOR = YES;
				GCC_WARN_UNINITIALIZED_AUTOS = YES_AGGRESSIVE;
				GCC_WARN_UNUSED_FUNCTION = YES;
				GCC_WARN_UNUSED_VARIABLE = YES;
				LOCALIZATION_PREFERS_STRING_CATALOGS = YES;
				MACOSX_DEPLOYMENT_TARGET = 14.0;
				MTL_ENABLE_DEBUG_INFO = INCLUDE_SOURCE;
				MTL_FAST_MATH = YES;
				ONLY_ACTIVE_ARCH = YES;
				SDKROOT = macosx;
				SWIFT_ACTIVE_COMPILATION_CONDITIONS = "DEBUG $(inherited)";
				SWIFT_OPTIMIZATION_LEVEL = "-Onone";
			};
			name = Debug;
		};
		7D6E0A0D2A4E2F68009488DB /* Release */ = {
			isa = XCBuildConfiguration;
			buildSettings = {
				ALWAYS_SEARCH_USER_PATHS = NO;
				ASSETCATALOG_COMPILER_GENERATE_SWIFT_ASSET_SYMBOL_EXTENSIONS = YES;
				CLANG_ANALYZER_NONNULL = YES;
				CLANG_ANALYZER_NUMBER_OBJECT_CONVERSION = YES_AGGRESSIVE;
				CLANG_CXX_LANGUAGE_STANDARD = "gnu++20";
				CLANG_ENABLE_MODULES = YES;
				CLANG_ENABLE_OBJC_ARC = YES;
				CLANG_ENABLE_OBJC_WEAK = YES;
				CLANG_WARN_BLOCK_CAPTURE_AUTORELEASING = YES;
				CLANG_WARN_BOOL_CONVERSION = YES;
				CLANG_WARN_COMMA = YES;
				CLANG_WARN_CONSTANT_CONVERSION = YES;
				CLANG_WARN_DEPRECATED_OBJC_IMPLEMENTATIONS = YES;
				CLANG_WARN_DIRECT_OBJC_ISA_USAGE = YES_ERROR;
				CLANG_WARN_DOCUMENTATION_COMMENTS = YES;
				CLANG_WARN_EMPTY_BODY = YES;
				CLANG_WARN_ENUM_CONVERSION = YES;
				CLANG_WARN_INFINITE_RECURSION = YES;
				CLANG_WARN_INT_CONVERSION = YES;
				CLANG_WARN_NON_LITERAL_NULL_CONVERSION = YES;
				CLANG_WARN_OBJC_IMPLICIT_RETAIN_SELF = YES;
				CLANG_WARN_OBJC_LITERAL_CONVERSION = YES;
				CLANG_WARN_OBJC_ROOT_CLASS = YES_ERROR;
				CLANG_WARN_QUOTED_INCLUDE_IN_FRAMEWORK_HEADER = YES;
				CLANG_WARN_RANGE_LOOP_ANALYSIS = YES;
				CLANG_WARN_STRICT_PROTOTYPES = YES;
				CLANG_WARN_SUSPICIOUS_MOVE = YES;
				CLANG_WARN_UNGUARDED_AVAILABILITY = YES_AGGRESSIVE;
				CLANG_WARN_UNREACHABLE_CODE = YES;
				CLANG_WARN__DUPLICATE_METHOD_MATCH = YES;
				COPY_PHASE_STRIP = NO;
				DEBUG_INFORMATION_FORMAT = "dwarf-with-dsym";
				ENABLE_NS_ASSERTIONS = NO;
				ENABLE_STRICT_OBJC_MSGSEND = YES;
				ENABLE_USER_SCRIPT_SANDBOXING = YES;
				GCC_C_LANGUAGE_STANDARD = gnu17;
				GCC_NO_COMMON_BLOCKS = YES;
				GCC_WARN_64_TO_32_BIT_CONVERSION = YES;
				GCC_WARN_ABOUT_RETURN_TYPE = YES_ERROR;
				GCC_WARN_UNDECLARED_SELECTOR = YES;
				GCC_WARN_UNINITIALIZED_AUTOS = YES_AGGRESSIVE;
				GCC_WARN_UNUSED_FUNCTION = YES;
				GCC_WARN_UNUSED_VARIABLE = YES;
				LOCALIZATION_PREFERS_STRING_CATALOGS = YES;
				MACOSX_DEPLOYMENT_TARGET = 14.0;
				MTL_ENABLE_DEBUG_INFO = NO;
				MTL_FAST_MATH = YES;
				SDKROOT = macosx;
				SWIFT_COMPILATION_MODE = wholemodule;
			};
			name = Release;
		};
		7D6E0A0F2A4E2F68009488DB /* Debug */ = {
			isa = XCBuildConfiguration;
			buildSettings = {
				CODE_SIGN_STYLE = Automatic;
				DEVELOPMENT_TEAM = 8GNE6ML5WX;
				ENABLE_HARDENED_RUNTIME = YES;
				PRODUCT_NAME = "$(TARGET_NAME)";
				SWIFT_VERSION = 5.0;
			};
			name = Debug;
		};
		7D6E0A102A4E2F68009488DB /* Release */ = {
			isa = XCBuildConfiguration;
			buildSettings = {
				CODE_SIGN_STYLE = Automatic;
				DEVELOPMENT_TEAM = 8GNE6ML5WX;
				ENABLE_HARDENED_RUNTIME = YES;
				PRODUCT_NAME = "$(TARGET_NAME)";
				SWIFT_VERSION = 5.0;
			};
			name = Release;
		};
/* End XCBuildConfiguration section */

/* Begin XCConfigurationList section */
		7D6E0A022A4E2F68009488DB /* Build configuration list for PBXProject "MacOS_Example" */ = {
			isa = XCConfigurationList;
			buildConfigurations = (
				7D6E0A0C2A4E2F68009488DB /* Debug */,
				7D6E0A0D2A4E2F68009488DB /* Release */,
			);
			defaultConfigurationIsVisible = 0;
			defaultConfigurationName = Release;
		};
		7D6E0A0E2A4E2F68009488DB /* Build configuration list for PBXNativeTarget "MacOS_Example" */ = {
			isa = XCConfigurationList;
			buildConfigurations = (
				7D6E0A0F2A4E2F68009488DB /* Debug */,
				7D6E0A102A4E2F68009488DB /* Release */,
			);
			defaultConfigurationIsVisible = 0;
			defaultConfigurationName = Release;
		};
/* End XCConfigurationList section */

/* Begin XCSwiftPackageProductDependency section */
		7D6E0A132A4E2FA1009488DB /* AptosKit */ = {
			isa = XCSwiftPackageProductDependency;
			productName = AptosKit;
		};
/* End XCSwiftPackageProductDependency section */
	};
	rootObject = 7D6E09FF2A4E2F68009488DB /* Project object */;
}
